// !$*UTF8*$!
{
	archiveVersion = 1;
	classes = {
	};
	objectVersion = 77;
	objects = {

/* Begin PBXContainerItemProxy section */
		EC394EEF2CDCAD0700C062E3 /* PBXContainerItemProxy */ = {
			isa = PBXContainerItemProxy;
			containerPortal = EC394ED62CDCAD0600C062E3 /* Project object */;
			proxyType = 1;
			remoteGlobalIDString = EC394EDD2CDCAD0600C062E3;
			remoteInfo = iosuppgift1;
		};
		EC394EF92CDCAD0700C062E3 /* PBXContainerItemProxy */ = {
			isa = PBXContainerItemProxy;
			containerPortal = EC394ED62CDCAD0600C062E3 /* Project object */;
			proxyType = 1;
			remoteGlobalIDString = EC394EDD2CDCAD0600C062E3;
			remoteInfo = iosuppgift1;
		};
/* End PBXContainerItemProxy section */

/* Begin PBXFileReference section */
		EC394EDE2CDCAD0600C062E3 /* iosuppgift1.app */ = {isa = PBXFileReference; explicitFileType = wrapper.application; includeInIndex = 0; path = iosuppgift1.app; sourceTree = BUILT_PRODUCTS_DIR; };
		EC394EEE2CDCAD0700C062E3 /* iosuppgift1Tests.xctest */ = {isa = PBXFileReference; explicitFileType = wrapper.cfbundle; includeInIndex = 0; path = iosuppgift1Tests.xctest; sourceTree = BUILT_PRODUCTS_DIR; };
		EC394EF82CDCAD0700C062E3 /* iosuppgift1UITests.xctest */ = {isa = PBXFileReference; explicitFileType = wrapper.cfbundle; includeInIndex = 0; path = iosuppgift1UITests.xctest; sourceTree = BUILT_PRODUCTS_DIR; };
/* End PBXFileReference section */

/* Begin PBXFileSystemSynchronizedRootGroup section */
		EC394EE02CDCAD0600C062E3 /* iosuppgift1 */ = {
			isa = PBXFileSystemSynchronizedRootGroup;
			path = iosuppgift1;
			sourceTree = "<group>";
		};
		EC394EF12CDCAD0700C062E3 /* iosuppgift1Tests */ = {
			isa = PBXFileSystemSynchronizedRootGroup;
			path = iosuppgift1Tests;
			sourceTree = "<group>";
		};
		EC394EFB2CDCAD0700C062E3 /* iosuppgift1UITests */ = {
			isa = PBXFileSystemSynchronizedRootGroup;
			path = iosuppgift1UITests;
			sourceTree = "<group>";
		};
/* End PBXFileSystemSynchronizedRootGroup section */

/* Begin PBXFrameworksBuildPhase section */
		EC394EDB2CDCAD0600C062E3 /* Frameworks */ = {
			isa = PBXFrameworksBuildPhase;
			buildActionMask = 2147483647;
			files = (
			);
			runOnlyForDeploymentPostprocessing = 0;
		};
		EC394EEB2CDCAD0700C062E3 /* Frameworks */ = {
			isa = PBXFrameworksBuildPhase;
			buildActionMask = 2147483647;
			files = (
			);
			runOnlyForDeploymentPostprocessing = 0;
		};
		EC394EF52CDCAD0700C062E3 /* Frameworks */ = {
			isa = PBXFrameworksBuildPhase;
			buildActionMask = 2147483647;
			files = (
			);
			runOnlyForDeploymentPostprocessing = 0;
		};
/* End PBXFrameworksBuildPhase section */

/* Begin PBXGroup section */
		EC394ED52CDCAD0600C062E3 = {
			isa = PBXGroup;
			children = (
				EC394EE02CDCAD0600C062E3 /* iosuppgift1 */,
				EC394EF12CDCAD0700C062E3 /* iosuppgift1Tests */,
				EC394EFB2CDCAD0700C062E3 /* iosuppgift1UITests */,
				EC394EDF2CDCAD0600C062E3 /* Products */,
			);
			sourceTree = "<group>";
		};
		EC394EDF2CDCAD0600C062E3 /* Products */ = {
			isa = PBXGroup;
			children = (
				EC394EDE2CDCAD0600C062E3 /* iosuppgift1.app */,
				EC394EEE2CDCAD0700C062E3 /* iosuppgift1Tests.xctest */,
				EC394EF82CDCAD0700C062E3 /* iosuppgift1UITests.xctest */,
			);
			name = Products;
			sourceTree = "<group>";
		};
/* End PBXGroup section */

/* Begin PBXNativeTarget section */
		EC394EDD2CDCAD0600C062E3 /* iosuppgift1 */ = {
			isa = PBXNativeTarget;
			buildConfigurationList = EC394F022CDCAD0700C062E3 /* Build configuration list for PBXNativeTarget "iosuppgift1" */;
			buildPhases = (
				EC394EDA2CDCAD0600C062E3 /* Sources */,
				EC394EDB2CDCAD0600C062E3 /* Frameworks */,
				EC394EDC2CDCAD0600C062E3 /* Resources */,
			);
			buildRules = (
			);
			dependencies = (
			);
			fileSystemSynchronizedGroups = (
				EC394EE02CDCAD0600C062E3 /* iosuppgift1 */,
			);
			name = iosuppgift1;
			packageProductDependencies = (
			);
			productName = iosuppgift1;
			productReference = EC394EDE2CDCAD0600C062E3 /* iosuppgift1.app */;
			productType = "com.apple.product-type.application";
		};
		EC394EED2CDCAD0700C062E3 /* iosuppgift1Tests */ = {
			isa = PBXNativeTarget;
			buildConfigurationList = EC394F052CDCAD0700C062E3 /* Build configuration list for PBXNativeTarget "iosuppgift1Tests" */;
			buildPhases = (
				EC394EEA2CDCAD0700C062E3 /* Sources */,
				EC394EEB2CDCAD0700C062E3 /* Frameworks */,
				EC394EEC2CDCAD0700C062E3 /* Resources */,
			);
			buildRules = (
			);
			dependencies = (
				EC394EF02CDCAD0700C062E3 /* PBXTargetDependency */,
			);
			fileSystemSynchronizedGroups = (
				EC394EF12CDCAD0700C062E3 /* iosuppgift1Tests */,
			);
			name = iosuppgift1Tests;
			packageProductDependencies = (
			);
			productName = iosuppgift1Tests;
			productReference = EC394EEE2CDCAD0700C062E3 /* iosuppgift1Tests.xctest */;
			productType = "com.apple.product-type.bundle.unit-test";
		};
		EC394EF72CDCAD0700C062E3 /* iosuppgift1UITests */ = {
			isa = PBXNativeTarget;
			buildConfigurationList = EC394F082CDCAD0700C062E3 /* Build configuration list for PBXNativeTarget "iosuppgift1UITests" */;
			buildPhases = (
				EC394EF42CDCAD0700C062E3 /* Sources */,
				EC394EF52CDCAD0700C062E3 /* Frameworks */,
				EC394EF62CDCAD0700C062E3 /* Resources */,
			);
			buildRules = (
			);
			dependencies = (
				EC394EFA2CDCAD0700C062E3 /* PBXTargetDependency */,
			);
			fileSystemSynchronizedGroups = (
				EC394EFB2CDCAD0700C062E3 /* iosuppgift1UITests */,
			);
			name = iosuppgift1UITests;
			packageProductDependencies = (
			);
			productName = iosuppgift1UITests;
			productReference = EC394EF82CDCAD0700C062E3 /* iosuppgift1UITests.xctest */;
			productType = "com.apple.product-type.bundle.ui-testing";
		};
/* End PBXNativeTarget section */

/* Begin PBXProject section */
		EC394ED62CDCAD0600C062E3 /* Project object */ = {
			isa = PBXProject;
			attributes = {
				BuildIndependentTargetsInParallel = 1;
				LastSwiftUpdateCheck = 1610;
				LastUpgradeCheck = 1610;
				TargetAttributes = {
					EC394EDD2CDCAD0600C062E3 = {
						CreatedOnToolsVersion = 16.1;
					};
					EC394EED2CDCAD0700C062E3 = {
						CreatedOnToolsVersion = 16.1;
						TestTargetID = EC394EDD2CDCAD0600C062E3;
					};
					EC394EF72CDCAD0700C062E3 = {
						CreatedOnToolsVersion = 16.1;
						TestTargetID = EC394EDD2CDCAD0600C062E3;
					};
				};
			};
			buildConfigurationList = EC394ED92CDCAD0600C062E3 /* Build configuration list for PBXProject "iosuppgift1" */;
			developmentRegion = en;
			hasScannedForEncodings = 0;
			knownRegions = (
				en,
				Base,
			);
			mainGroup = EC394ED52CDCAD0600C062E3;
			minimizedProjectReferenceProxies = 1;
			preferredProjectObjectVersion = 77;
			productRefGroup = EC394EDF2CDCAD0600C062E3 /* Products */;
			projectDirPath = "";
			projectRoot = "";
			targets = (
				EC394EDD2CDCAD0600C062E3 /* iosuppgift1 */,
				EC394EED2CDCAD0700C062E3 /* iosuppgift1Tests */,
				EC394EF72CDCAD0700C062E3 /* iosuppgift1UITests */,
			);
		};
/* End PBXProject section */

/* Begin PBXResourcesBuildPhase section */
		EC394EDC2CDCAD0600C062E3 /* Resources */ = {
			isa = PBXResourcesBuildPhase;
			buildActionMask = 2147483647;
			files = (
			);
			runOnlyForDeploymentPostprocessing = 0;
		};
		EC394EEC2CDCAD0700C062E3 /* Resources */ = {
			isa = PBXResourcesBuildPhase;
			buildActionMask = 2147483647;
			files = (
			);
			runOnlyForDeploymentPostprocessing = 0;
		};
		EC394EF62CDCAD0700C062E3 /* Resources */ = {
			isa = PBXResourcesBuildPhase;
			buildActionMask = 2147483647;
			files = (
			);
			runOnlyForDeploymentPostprocessing = 0;
		};
/* End PBXResourcesBuildPhase section */

/* Begin PBXSourcesBuildPhase section */
		EC394EDA2CDCAD0600C062E3 /* Sources */ = {
			isa = PBXSourcesBuildPhase;
			buildActionMask = 2147483647;
			files = (
			);
			runOnlyForDeploymentPostprocessing = 0;
		};
		EC394EEA2CDCAD0700C062E3 /* Sources */ = {
			isa = PBXSourcesBuildPhase;
			buildActionMask = 2147483647;
			files = (
			);
			runOnlyForDeploymentPostprocessing = 0;
		};
		EC394EF42CDCAD0700C062E3 /* Sources */ = {
			isa = PBXSourcesBuildPhase;
			buildActionMask = 2147483647;
			files = (
			);
			runOnlyForDeploymentPostprocessing = 0;
		};
/* End PBXSourcesBuildPhase section */

/* Begin PBXTargetDependency section */
		EC394EF02CDCAD0700C062E3 /* PBXTargetDependency */ = {
			isa = PBXTargetDependency;
			target = EC394EDD2CDCAD0600C062E3 /* iosuppgift1 */;
			targetProxy = EC394EEF2CDCAD0700C062E3 /* PBXContainerItemProxy */;
		};
		EC394EFA2CDCAD0700C062E3 /* PBXTargetDependency */ = {
			isa = PBXTargetDependency;
			target = EC394EDD2CDCAD0600C062E3 /* iosuppgift1 */;
			targetProxy = EC394EF92CDCAD0700C062E3 /* PBXContainerItemProxy */;
		};
/* End PBXTargetDependency section */

/* Begin XCBuildConfiguration section */
		EC394F002CDCAD0700C062E3 /* Debug */ = {
			isa = XCBuildConfiguration;
			buildSettings = {
				ALWAYS_SEARCH_USER_PATHS = NO;
				ASSETCATALOG_COMPILER_GENERATE_SWIFT_ASSET_SYMBOL_EXTENSIONS = YES;
				CLANG_ANALYZER_NONNULL = YES;
				CLANG_ANALYZER_NUMBER_OBJECT_CONVERSION = YES_AGGRESSIVE;
				CLANG_CXX_LANGUAGE_STANDARD = "gnu++20";
				CLANG_ENABLE_MODULES = YES;
				CLANG_ENABLE_OBJC_ARC = YES;
				CLANG_ENABLE_OBJC_WEAK = YES;
				CLANG_WARN_BLOCK_CAPTURE_AUTORELEASING = YES;
				CLANG_WARN_BOOL_CONVERSION = YES;
				CLANG_WARN_COMMA = YES;
				CLANG_WARN_CONSTANT_CONVERSION = YES;
				CLANG_WARN_DEPRECATED_OBJC_IMPLEMENTATIONS = YES;
				CLANG_WARN_DIRECT_OBJC_ISA_USAGE = YES_ERROR;
				CLANG_WARN_DOCUMENTATION_COMMENTS = YES;
				CLANG_WARN_EMPTY_BODY = YES;
				CLANG_WARN_ENUM_CONVERSION = YES;
				CLANG_WARN_INFINITE_RECURSION = YES;
				CLANG_WARN_INT_CONVERSION = YES;
				CLANG_WARN_NON_LITERAL_NULL_CONVERSION = YES;
				CLANG_WARN_OBJC_IMPLICIT_RETAIN_SELF = YES;
				CLANG_WARN_OBJC_LITERAL_CONVERSION = YES;
				CLANG_WARN_OBJC_ROOT_CLASS = YES_ERROR;
				CLANG_WARN_QUOTED_INCLUDE_IN_FRAMEWORK_HEADER = YES;
				CLANG_WARN_RANGE_LOOP_ANALYSIS = YES;
				CLANG_WARN_STRICT_PROTOTYPES = YES;
				CLANG_WARN_SUSPICIOUS_MOVE = YES;
				CLANG_WARN_UNGUARDED_AVAILABILITY = YES_AGGRESSIVE;
				CLANG_WARN_UNREACHABLE_CODE = YES;
				CLANG_WARN__DUPLICATE_METHOD_MATCH = YES;
				COPY_PHASE_STRIP = NO;
				DEBUG_INFORMATION_FORMAT = dwarf;
				ENABLE_STRICT_OBJC_MSGSEND = YES;
				ENABLE_TESTABILITY = YES;
				ENABLE_USER_SCRIPT_SANDBOXING = YES;
				GCC_C_LANGUAGE_STANDARD = gnu17;
				GCC_DYNAMIC_NO_PIC = NO;
				GCC_NO_COMMON_BLOCKS = YES;
				GCC_OPTIMIZATION_LEVEL = 0;
				GCC_PREPROCESSOR_DEFINITIONS = (
					"DEBUG=1",
					"$(inherited)",
				);
				GCC_WARN_64_TO_32_BIT_CONVERSION = YES;
				GCC_WARN_ABOUT_RETURN_TYPE = YES_ERROR;
				GCC_WARN_UNDECLARED_SELECTOR = YES;
				GCC_WARN_UNINITIALIZED_AUTOS = YES_AGGRESSIVE;
				GCC_WARN_UNUSED_FUNCTION = YES;
				GCC_WARN_UNUSED_VARIABLE = YES;
				IPHONEOS_DEPLOYMENT_TARGET = 18.1;
				LOCALIZATION_PREFERS_STRING_CATALOGS = YES;
				MTL_ENABLE_DEBUG_INFO = INCLUDE_SOURCE;
				MTL_FAST_MATH = YES;
				ONLY_ACTIVE_ARCH = YES;
				SDKROOT = iphoneos;
				SWIFT_ACTIVE_COMPILATION_CONDITIONS = "DEBUG $(inherited)";
				SWIFT_OPTIMIZATION_LEVEL = "-Onone";
			};
			name = Debug;
		};
		EC394F012CDCAD0700C062E3 /* Release */ = {
			isa = XCBuildConfiguration;
			buildSettings = {
				ALWAYS_SEARCH_USER_PATHS = NO;
				ASSETCATALOG_COMPILER_GENERATE_SWIFT_ASSET_SYMBOL_EXTENSIONS = YES;
				CLANG_ANALYZER_NONNULL = YES;
				CLANG_ANALYZER_NUMBER_OBJECT_CONVERSION = YES_AGGRESSIVE;
				CLANG_CXX_LANGUAGE_STANDARD = "gnu++20";
				CLANG_ENABLE_MODULES = YES;
				CLANG_ENABLE_OBJC_ARC = YES;
				CLANG_ENABLE_OBJC_WEAK = YES;
				CLANG_WARN_BLOCK_CAPTURE_AUTORELEASING = YES;
				CLANG_WARN_BOOL_CONVERSION = YES;
				CLANG_WARN_COMMA = YES;
				CLANG_WARN_CONSTANT_CONVERSION = YES;
				CLANG_WARN_DEPRECATED_OBJC_IMPLEMENTATIONS = YES;
				CLANG_WARN_DIRECT_OBJC_ISA_USAGE = YES_ERROR;
				CLANG_WARN_DOCUMENTATION_COMMENTS = YES;
				CLANG_WARN_EMPTY_BODY = YES;
				CLANG_WARN_ENUM_CONVERSION = YES;
				CLANG_WARN_INFINITE_RECURSION = YES;
				CLANG_WARN_INT_CONVERSION = YES;
				CLANG_WARN_NON_LITERAL_NULL_CONVERSION = YES;
				CLANG_WARN_OBJC_IMPLICIT_RETAIN_SELF = YES;
				CLANG_WARN_OBJC_LITERAL_CONVERSION = YES;
				CLANG_WARN_OBJC_ROOT_CLASS = YES_ERROR;
				CLANG_WARN_QUOTED_INCLUDE_IN_FRAMEWORK_HEADER = YES;
				CLANG_WARN_RANGE_LOOP_ANALYSIS = YES;
				CLANG_WARN_STRICT_PROTOTYPES = YES;
				CLANG_WARN_SUSPICIOUS_MOVE = YES;
				CLANG_WARN_UNGUARDED_AVAILABILITY = YES_AGGRESSIVE;
				CLANG_WARN_UNREACHABLE_CODE = YES;
				CLANG_WARN__DUPLICATE_METHOD_MATCH = YES;
				COPY_PHASE_STRIP = NO;
				DEBUG_INFORMATION_FORMAT = "dwarf-with-dsym";
				ENABLE_NS_ASSERTIONS = NO;
				ENABLE_STRICT_OBJC_MSGSEND = YES;
				ENABLE_USER_SCRIPT_SANDBOXING = YES;
				GCC_C_LANGUAGE_STANDARD = gnu17;
				GCC_NO_COMMON_BLOCKS = YES;
				GCC_WARN_64_TO_32_BIT_CONVERSION = YES;
				GCC_WARN_ABOUT_RETURN_TYPE = YES_ERROR;
				GCC_WARN_UNDECLARED_SELECTOR = YES;
				GCC_WARN_UNINITIALIZED_AUTOS = YES_AGGRESSIVE;
				GCC_WARN_UNUSED_FUNCTION = YES;
				GCC_WARN_UNUSED_VARIABLE = YES;
				IPHONEOS_DEPLOYMENT_TARGET = 18.1;
				LOCALIZATION_PREFERS_STRING_CATALOGS = YES;
				MTL_ENABLE_DEBUG_INFO = NO;
				MTL_FAST_MATH = YES;
				SDKROOT = iphoneos;
				SWIFT_COMPILATION_MODE = wholemodule;
				VALIDATE_PRODUCT = YES;
			};
			name = Release;
		};
		EC394F032CDCAD0700C062E3 /* Debug */ = {
			isa = XCBuildConfiguration;
			buildSettings = {
				ASSETCATALOG_COMPILER_APPICON_NAME = AppIcon;
				ASSETCATALOG_COMPILER_GLOBAL_ACCENT_COLOR_NAME = AccentColor;
				CODE_SIGN_STYLE = Automatic;
				CURRENT_PROJECT_VERSION = 1;
				DEVELOPMENT_ASSET_PATHS = "\"iosuppgift1/Preview Content\"";
				ENABLE_PREVIEWS = YES;
				GENERATE_INFOPLIST_FILE = YES;
				INFOPLIST_KEY_UIApplicationSceneManifest_Generation = YES;
				INFOPLIST_KEY_UIApplicationSupportsIndirectInputEvents = YES;
				INFOPLIST_KEY_UILaunchScreen_Generation = YES;
				INFOPLIST_KEY_UISupportedInterfaceOrientations_iPad = "UIInterfaceOrientationPortrait UIInterfaceOrientationPortraitUpsideDown UIInterfaceOrientationLandscapeLeft UIInterfaceOrientationLandscapeRight";
				INFOPLIST_KEY_UISupportedInterfaceOrientations_iPhone = "UIInterfaceOrientationPortrait UIInterfaceOrientationLandscapeLeft UIInterfaceOrientationLandscapeRight";
				LD_RUNPATH_SEARCH_PATHS = (
					"$(inherited)",
					"@executable_path/Frameworks",
				);
				MARKETING_VERSION = 1.0;
				PRODUCT_BUNDLE_IDENTIFIER = se.iosuppgift1.iosuppgift1;
				PRODUCT_NAME = "$(TARGET_NAME)";
				SWIFT_EMIT_LOC_STRINGS = YES;
				SWIFT_VERSION = 5.0;
				TARGETED_DEVICE_FAMILY = "1,2";
			};
			name = Debug;
		};
		EC394F042CDCAD0700C062E3 /* Release */ = {
			isa = XCBuildConfiguration;
			buildSettings = {
				ASSETCATALOG_COMPILER_APPICON_NAME = AppIcon;
				ASSETCATALOG_COMPILER_GLOBAL_ACCENT_COLOR_NAME = AccentColor;
				CODE_SIGN_STYLE = Automatic;
				CURRENT_PROJECT_VERSION = 1;
				DEVELOPMENT_ASSET_PATHS = "\"iosuppgift1/Preview Content\"";
				ENABLE_PREVIEWS = YES;
				GENERATE_INFOPLIST_FILE = YES;
				INFOPLIST_KEY_UIApplicationSceneManifest_Generation = YES;
				INFOPLIST_KEY_UIApplicationSupportsIndirectInputEvents = YES;
				INFOPLIST_KEY_UILaunchScreen_Generation = YES;
				INFOPLIST_KEY_UISupportedInterfaceOrientations_iPad = "UIInterfaceOrientationPortrait UIInterfaceOrientationPortraitUpsideDown UIInterfaceOrientationLandscapeLeft UIInterfaceOrientationLandscapeRight";
				INFOPLIST_KEY_UISupportedInterfaceOrientations_iPhone = "UIInterfaceOrientationPortrait UIInterfaceOrientationLandscapeLeft UIInterfaceOrientationLandscapeRight";
				LD_RUNPATH_SEARCH_PATHS = (
					"$(inherited)",
					"@executable_path/Frameworks",
				);
				MARKETING_VERSION = 1.0;
				PRODUCT_BUNDLE_IDENTIFIER = se.iosuppgift1.iosuppgift1;
				PRODUCT_NAME = "$(TARGET_NAME)";
				SWIFT_EMIT_LOC_STRINGS = YES;
				SWIFT_VERSION = 5.0;
				TARGETED_DEVICE_FAMILY = "1,2";
			};
			name = Release;
		};
		EC394F062CDCAD0700C062E3 /* Debug */ = {
			isa = XCBuildConfiguration;
			buildSettings = {
				BUNDLE_LOADER = "$(TEST_HOST)";
				CODE_SIGN_STYLE = Automatic;
				CURRENT_PROJECT_VERSION = 1;
				GENERATE_INFOPLIST_FILE = YES;
				IPHONEOS_DEPLOYMENT_TARGET = 18.1;
				MARKETING_VERSION = 1.0;
				PRODUCT_BUNDLE_IDENTIFIER = se.iosuppgift1.iosuppgift1Tests;
				PRODUCT_NAME = "$(TARGET_NAME)";
				SWIFT_EMIT_LOC_STRINGS = NO;
				SWIFT_VERSION = 5.0;
				TARGETED_DEVICE_FAMILY = "1,2";
				TEST_HOST = "$(BUILT_PRODUCTS_DIR)/iosuppgift1.app/$(BUNDLE_EXECUTABLE_FOLDER_PATH)/iosuppgift1";
			};
			name = Debug;
		};
		EC394F072CDCAD0700C062E3 /* Release */ = {
			isa = XCBuildConfiguration;
			buildSettings = {
				BUNDLE_LOADER = "$(TEST_HOST)";
				CODE_SIGN_STYLE = Automatic;
				CURRENT_PROJECT_VERSION = 1;
				GENERATE_INFOPLIST_FILE = YES;
				IPHONEOS_DEPLOYMENT_TARGET = 18.1;
				MARKETING_VERSION = 1.0;
				PRODUCT_BUNDLE_IDENTIFIER = se.iosuppgift1.iosuppgift1Tests;
				PRODUCT_NAME = "$(TARGET_NAME)";
				SWIFT_EMIT_LOC_STRINGS = NO;
				SWIFT_VERSION = 5.0;
				TARGETED_DEVICE_FAMILY = "1,2";
				TEST_HOST = "$(BUILT_PRODUCTS_DIR)/iosuppgift1.app/$(BUNDLE_EXECUTABLE_FOLDER_PATH)/iosuppgift1";
			};
			name = Release;
		};
		EC394F092CDCAD0700C062E3 /* Debug */ = {
			isa = XCBuildConfiguration;
			buildSettings = {
				CODE_SIGN_STYLE = Automatic;
				CURRENT_PROJECT_VERSION = 1;
				GENERATE_INFOPLIST_FILE = YES;
				MARKETING_VERSION = 1.0;
				PRODUCT_BUNDLE_IDENTIFIER = se.iosuppgift1.iosuppgift1UITests;
				PRODUCT_NAME = "$(TARGET_NAME)";
				SWIFT_EMIT_LOC_STRINGS = NO;
				SWIFT_VERSION = 5.0;
				TARGETED_DEVICE_FAMILY = "1,2";
				TEST_TARGET_NAME = iosuppgift1;
			};
			name = Debug;
		};
		EC394F0A2CDCAD0700C062E3 /* Release */ = {
			isa = XCBuildConfiguration;
			buildSettings = {
				CODE_SIGN_STYLE = Automatic;
				CURRENT_PROJECT_VERSION = 1;
				GENERATE_INFOPLIST_FILE = YES;
				MARKETING_VERSION = 1.0;
				PRODUCT_BUNDLE_IDENTIFIER = se.iosuppgift1.iosuppgift1UITests;
				PRODUCT_NAME = "$(TARGET_NAME)";
				SWIFT_EMIT_LOC_STRINGS = NO;
				SWIFT_VERSION = 5.0;
				TARGETED_DEVICE_FAMILY = "1,2";
				TEST_TARGET_NAME = iosuppgift1;
			};
			name = Release;
		};
/* End XCBuildConfiguration section */

/* Begin XCConfigurationList section */
		EC394ED92CDCAD0600C062E3 /* Build configuration list for PBXProject "iosuppgift1" */ = {
			isa = XCConfigurationList;
			buildConfigurations = (
				EC394F002CDCAD0700C062E3 /* Debug */,
				EC394F012CDCAD0700C062E3 /* Release */,
			);
			defaultConfigurationIsVisible = 0;
			defaultConfigurationName = Release;
		};
		EC394F022CDCAD0700C062E3 /* Build configuration list for PBXNativeTarget "iosuppgift1" */ = {
			isa = XCConfigurationList;
			buildConfigurations = (
				EC394F032CDCAD0700C062E3 /* Debug */,
				EC394F042CDCAD0700C062E3 /* Release */,
			);
			defaultConfigurationIsVisible = 0;
			defaultConfigurationName = Release;
		};
		EC394F052CDCAD0700C062E3 /* Build configuration list for PBXNativeTarget "iosuppgift1Tests" */ = {
			isa = XCConfigurationList;
			buildConfigurations = (
				EC394F062CDCAD0700C062E3 /* Debug */,
				EC394F072CDCAD0700C062E3 /* Release */,
			);
			defaultConfigurationIsVisible = 0;
			defaultConfigurationName = Release;
		};
		EC394F082CDCAD0700C062E3 /* Build configuration list for PBXNativeTarget "iosuppgift1UITests" */ = {
			isa = XCConfigurationList;
			buildConfigurations = (
				EC394F092CDCAD0700C062E3 /* Debug */,
				EC394F0A2CDCAD0700C062E3 /* Release */,
			);
			defaultConfigurationIsVisible = 0;
			defaultConfigurationName = Release;
		};
/* End XCConfigurationList section */
	};
	rootObject = EC394ED62CDCAD0600C062E3 /* Project object */;
}
